
Microsoft Visual Studio Solution File, Format Version 12.00
# Visual Studio 14
VisualStudioVersion = 14.0.25420.1
MinimumVisualStudioVersion = 10.0.40219.1
Project("{FAE04EC0-301F-11D3-BF4B-00C04F79EFBC}") = "SPOL_REST_Test", "SPOL_REST_Test\SPOL_REST_Test.csproj", "{B1F5FEFA-AC70-4ED5-BB1A-AC45ECA0AD56}"
EndProject
Global
	GlobalSection(SolutionConfigurationPlatforms) = preSolution
		Debug|Any CPU = Debug|Any CPU
		Release|Any CPU = Release|Any CPU
	EndGlobalSection
	GlobalSection(ProjectConfigurationPlatforms) = postSolution
		{B1F5FEFA-AC70-4ED5-BB1A-AC45ECA0AD56}.Debug|Any CPU.ActiveCfg = Debug|Any CPU
		{B1F5FEFA-AC70-4ED5-BB1A-AC45ECA0AD56}.Debug|Any CPU.Build.0 = Debug|Any CPU
		{B1F5FEFA-AC70-4ED5-BB1A-AC45ECA0AD56}.Release|Any CPU.ActiveCfg = Release|Any CPU
		{B1F5FEFA-AC70-4ED5-BB1A-AC45ECA0AD56}.Release|Any CPU.Build.0 = Release|Any CPU
	EndGlobalSection
	GlobalSection(SolutionProperties) = preSolution
		HideSolutionNode = FALSE
	EndGlobalSection
EndGlobal
